// !$*UTF8*$!
{
	archiveVersion = 1;
	classes = {
	};
	objectVersion = 46;
	objects = {

/* Begin PBXBuildFile section */
		FC6A12F31D488686007C3D87 /* main.m in Sources */ = {isa = PBXBuildFile; fileRef = FC6A12F21D488686007C3D87 /* main.m */; };
		FC6A12F61D488686007C3D87 /* AppDelegate.m in Sources */ = {isa = PBXBuildFile; fileRef = FC6A12F51D488686007C3D87 /* AppDelegate.m */; };
		FC6A12FC1D488686007C3D87 /* Main.storyboard in Resources */ = {isa = PBXBuildFile; fileRef = FC6A12FA1D488686007C3D87 /* Main.storyboard */; };
		FC6A12FE1D488686007C3D87 /* Assets.xcassets in Resources */ = {isa = PBXBuildFile; fileRef = FC6A12FD1D488686007C3D87 /* Assets.xcassets */; };
		FC6A13011D488686007C3D87 /* LaunchScreen.storyboard in Resources */ = {isa = PBXBuildFile; fileRef = FC6A12FF1D488686007C3D87 /* LaunchScreen.storyboard */; };
		FC6A130C1D488686007C3D87 /* CusTomPageControlTests.m in Sources */ = {isa = PBXBuildFile; fileRef = FC6A130B1D488686007C3D87 /* CusTomPageControlTests.m */; };
		FC6A13171D488686007C3D87 /* CusTomPageControlUITests.m in Sources */ = {isa = PBXBuildFile; fileRef = FC6A13161D488686007C3D87 /* CusTomPageControlUITests.m */; };
		FC6A13271D48869E007C3D87 /* OCPageControlView.m in Sources */ = {isa = PBXBuildFile; fileRef = FC6A13261D48869E007C3D87 /* OCPageControlView.m */; };
		FC6A132A1D4886B0007C3D87 /* ViewController.m in Sources */ = {isa = PBXBuildFile; fileRef = FC6A13291D4886B0007C3D87 /* ViewController.m */; };
/* End PBXBuildFile section */

/* Begin PBXContainerItemProxy section */
		FC6A13081D488686007C3D87 /* PBXContainerItemProxy */ = {
			isa = PBXContainerItemProxy;
			containerPortal = FC6A12E61D488686007C3D87 /* Project object */;
			proxyType = 1;
			remoteGlobalIDString = FC6A12ED1D488686007C3D87;
			remoteInfo = CusTomPageControl;
		};
		FC6A13131D488686007C3D87 /* PBXContainerItemProxy */ = {
			isa = PBXContainerItemProxy;
			containerPortal = FC6A12E61D488686007C3D87 /* Project object */;
			proxyType = 1;
			remoteGlobalIDString = FC6A12ED1D488686007C3D87;
			remoteInfo = CusTomPageControl;
		};
/* End PBXContainerItemProxy section */

/* Begin PBXFileReference section */
		FC6A12EE1D488686007C3D87 /* CusTomPageControl.app */ = {isa = PBXFileReference; explicitFileType = wrapper.application; includeInIndex = 0; path = CusTomPageControl.app; sourceTree = BUILT_PRODUCTS_DIR; };
		FC6A12F21D488686007C3D87 /* main.m */ = {isa = PBXFileReference; lastKnownFileType = sourcecode.c.objc; path = main.m; sourceTree = "<group>"; };
		FC6A12F41D488686007C3D87 /* AppDelegate.h */ = {isa = PBXFileReference; lastKnownFileType = sourcecode.c.h; path = AppDelegate.h; sourceTree = "<group>"; };
		FC6A12F51D488686007C3D87 /* AppDelegate.m */ = {isa = PBXFileReference; lastKnownFileType = sourcecode.c.objc; path = AppDelegate.m; sourceTree = "<group>"; };
		FC6A12FB1D488686007C3D87 /* Base */ = {isa = PBXFileReference; lastKnownFileType = file.storyboard; name = Base; path = Base.lproj/Main.storyboard; sourceTree = "<group>"; };
		FC6A12FD1D488686007C3D87 /* Assets.xcassets */ = {isa = PBXFileReference; lastKnownFileType = folder.assetcatalog; path = Assets.xcassets; sourceTree = "<group>"; };
		FC6A13001D488686007C3D87 /* Base */ = {isa = PBXFileReference; lastKnownFileType = file.storyboard; name = Base; path = Base.lproj/LaunchScreen.storyboard; sourceTree = "<group>"; };
		FC6A13021D488686007C3D87 /* Info.plist */ = {isa = PBXFileReference; lastKnownFileType = text.plist.xml; path = Info.plist; sourceTree = "<group>"; };
		FC6A13071D488686007C3D87 /* CusTomPageControlTests.xctest */ = {isa = PBXFileReference; explicitFileType = wrapper.cfbundle; includeInIndex = 0; path = CusTomPageControlTests.xctest; sourceTree = BUILT_PRODUCTS_DIR; };
		FC6A130B1D488686007C3D87 /* CusTomPageControlTests.m */ = {isa = PBXFileReference; lastKnownFileType = sourcecode.c.objc; path = CusTomPageControlTests.m; sourceTree = "<group>"; };
		FC6A130D1D488686007C3D87 /* Info.plist */ = {isa = PBXFileReference; lastKnownFileType = text.plist.xml; path = Info.plist; sourceTree = "<group>"; };
		FC6A13121D488686007C3D87 /* CusTomPageControlUITests.xctest */ = {isa = PBXFileReference; explicitFileType = wrapper.cfbundle; includeInIndex = 0; path = CusTomPageControlUITests.xctest; sourceTree = BUILT_PRODUCTS_DIR; };
		FC6A13161D488686007C3D87 /* CusTomPageControlUITests.m */ = {isa = PBXFileReference; lastKnownFileType = sourcecode.c.objc; path = CusTomPageControlUITests.m; sourceTree = "<group>"; };
		FC6A13181D488686007C3D87 /* Info.plist */ = {isa = PBXFileReference; lastKnownFileType = text.plist.xml; path = Info.plist; sourceTree = "<group>"; };
		FC6A13251D48869E007C3D87 /* OCPageControlView.h */ = {isa = PBXFileReference; fileEncoding = 4; lastKnownFileType = sourcecode.c.h; path = OCPageControlView.h; sourceTree = "<group>"; };
		FC6A13261D48869E007C3D87 /* OCPageControlView.m */ = {isa = PBXFileReference; fileEncoding = 4; lastKnownFileType = sourcecode.c.objc; path = OCPageControlView.m; sourceTree = "<group>"; };
		FC6A13281D4886B0007C3D87 /* ViewController.h */ = {isa = PBXFileReference; fileEncoding = 4; lastKnownFileType = sourcecode.c.h; path = ViewController.h; sourceTree = "<group>"; };
		FC6A13291D4886B0007C3D87 /* ViewController.m */ = {isa = PBXFileReference; fileEncoding = 4; lastKnownFileType = sourcecode.c.objc; path = ViewController.m; sourceTree = "<group>"; };
/* End PBXFileReference section */

/* Begin PBXFrameworksBuildPhase section */
		FC6A12EB1D488686007C3D87 /* Frameworks */ = {
			isa = PBXFrameworksBuildPhase;
			buildActionMask = 2147483647;
			files = (
			);
			runOnlyForDeploymentPostprocessing = 0;
		};
		FC6A13041D488686007C3D87 /* Frameworks */ = {
			isa = PBXFrameworksBuildPhase;
			buildActionMask = 2147483647;
			files = (
			);
			runOnlyForDeploymentPostprocessing = 0;
		};
		FC6A130F1D488686007C3D87 /* Frameworks */ = {
			isa = PBXFrameworksBuildPhase;
			buildActionMask = 2147483647;
			files = (
			);
			runOnlyForDeploymentPostprocessing = 0;
		};
/* End PBXFrameworksBuildPhase section */

/* Begin PBXGroup section */
		FC6A12E51D488686007C3D87 = {
			isa = PBXGroup;
			children = (
				FC6A12F01D488686007C3D87 /* CusTomPageControl */,
				FC6A130A1D488686007C3D87 /* CusTomPageControlTests */,
				FC6A13151D488686007C3D87 /* CusTomPageControlUITests */,
				FC6A12EF1D488686007C3D87 /* Products */,
			);
			sourceTree = "<group>";
		};
		FC6A12EF1D488686007C3D87 /* Products */ = {
			isa = PBXGroup;
			children = (
				FC6A12EE1D488686007C3D87 /* CusTomPageControl.app */,
				FC6A13071D488686007C3D87 /* CusTomPageControlTests.xctest */,
				FC6A13121D488686007C3D87 /* CusTomPageControlUITests.xctest */,
			);
			name = Products;
			sourceTree = "<group>";
		};
		FC6A12F01D488686007C3D87 /* CusTomPageControl */ = {
			isa = PBXGroup;
			children = (
				FC6A13241D488697007C3D87 /* PageControl */,
				FC6A12F41D488686007C3D87 /* AppDelegate.h */,
				FC6A12F51D488686007C3D87 /* AppDelegate.m */,
				FC6A13281D4886B0007C3D87 /* ViewController.h */,
				FC6A13291D4886B0007C3D87 /* ViewController.m */,
				FC6A12FA1D488686007C3D87 /* Main.storyboard */,
				FC6A12FD1D488686007C3D87 /* Assets.xcassets */,
				FC6A12FF1D488686007C3D87 /* LaunchScreen.storyboard */,
				FC6A13021D488686007C3D87 /* Info.plist */,
				FC6A12F11D488686007C3D87 /* Supporting Files */,
			);
			path = CusTomPageControl;
			sourceTree = "<group>";
		};
		FC6A12F11D488686007C3D87 /* Supporting Files */ = {
			isa = PBXGroup;
			children = (
				FC6A12F21D488686007C3D87 /* main.m */,
			);
			name = "Supporting Files";
			sourceTree = "<group>";
		};
		FC6A130A1D488686007C3D87 /* CusTomPageControlTests */ = {
			isa = PBXGroup;
			children = (
				FC6A130B1D488686007C3D87 /* CusTomPageControlTests.m */,
				FC6A130D1D488686007C3D87 /* Info.plist */,
			);
			path = CusTomPageControlTests;
			sourceTree = "<group>";
		};
		FC6A13151D488686007C3D87 /* CusTomPageControlUITests */ = {
			isa = PBXGroup;
			children = (
				FC6A13161D488686007C3D87 /* CusTomPageControlUITests.m */,
				FC6A13181D488686007C3D87 /* Info.plist */,
			);
			path = CusTomPageControlUITests;
			sourceTree = "<group>";
		};
		FC6A13241D488697007C3D87 /* PageControl */ = {
			isa = PBXGroup;
			children = (
				FC6A13251D48869E007C3D87 /* OCPageControlView.h */,
				FC6A13261D48869E007C3D87 /* OCPageControlView.m */,
			);
			path = PageControl;
			sourceTree = "<group>";
		};
/* End PBXGroup section */

/* Begin PBXNativeTarget section */
		FC6A12ED1D488686007C3D87 /* CusTomPageControl */ = {
			isa = PBXNativeTarget;
			buildConfigurationList = FC6A131B1D488686007C3D87 /* Build configuration list for PBXNativeTarget "CusTomPageControl" */;
			buildPhases = (
				FC6A12EA1D488686007C3D87 /* Sources */,
				FC6A12EB1D488686007C3D87 /* Frameworks */,
				FC6A12EC1D488686007C3D87 /* Resources */,
			);
			buildRules = (
			);
			dependencies = (
			);
			name = CusTomPageControl;
			productName = CusTomPageControl;
			productReference = FC6A12EE1D488686007C3D87 /* CusTomPageControl.app */;
			productType = "com.apple.product-type.application";
		};
		FC6A13061D488686007C3D87 /* CusTomPageControlTests */ = {
			isa = PBXNativeTarget;
			buildConfigurationList = FC6A131E1D488686007C3D87 /* Build configuration list for PBXNativeTarget "CusTomPageControlTests" */;
			buildPhases = (
				FC6A13031D488686007C3D87 /* Sources */,
				FC6A13041D488686007C3D87 /* Frameworks */,
				FC6A13051D488686007C3D87 /* Resources */,
			);
			buildRules = (
			);
			dependencies = (
				FC6A13091D488686007C3D87 /* PBXTargetDependency */,
			);
			name = CusTomPageControlTests;
			productName = CusTomPageControlTests;
			productReference = FC6A13071D488686007C3D87 /* CusTomPageControlTests.xctest */;
			productType = "com.apple.product-type.bundle.unit-test";
		};
		FC6A13111D488686007C3D87 /* CusTomPageControlUITests */ = {
			isa = PBXNativeTarget;
			buildConfigurationList = FC6A13211D488686007C3D87 /* Build configuration list for PBXNativeTarget "CusTomPageControlUITests" */;
			buildPhases = (
				FC6A130E1D488686007C3D87 /* Sources */,
				FC6A130F1D488686007C3D87 /* Frameworks */,
				FC6A13101D488686007C3D87 /* Resources */,
			);
			buildRules = (
			);
			dependencies = (
				FC6A13141D488686007C3D87 /* PBXTargetDependency */,
			);
			name = CusTomPageControlUITests;
			productName = CusTomPageControlUITests;
			productReference = FC6A13121D488686007C3D87 /* CusTomPageControlUITests.xctest */;
			productType = "com.apple.product-type.bundle.ui-testing";
		};
/* End PBXNativeTarget section */

/* Begin PBXProject section */
		FC6A12E61D488686007C3D87 /* Project object */ = {
			isa = PBXProject;
			attributes = {
				LastUpgradeCheck = 0730;
				ORGANIZATIONNAME = "刘伟强";
				TargetAttributes = {
					FC6A12ED1D488686007C3D87 = {
						CreatedOnToolsVersion = 7.3;
					};
					FC6A13061D488686007C3D87 = {
						CreatedOnToolsVersion = 7.3;
						TestTargetID = FC6A12ED1D488686007C3D87;
					};
					FC6A13111D488686007C3D87 = {
						CreatedOnToolsVersion = 7.3;
						TestTargetID = FC6A12ED1D488686007C3D87;
					};
				};
			};
			buildConfigurationList = FC6A12E91D488686007C3D87 /* Build configuration list for PBXProject "CusTomPageControl" */;
			compatibilityVersion = "Xcode 3.2";
			developmentRegion = English;
			hasScannedForEncodings = 0;
			knownRegions = (
				en,
				Base,
			);
			mainGroup = FC6A12E51D488686007C3D87;
			productRefGroup = FC6A12EF1D488686007C3D87 /* Products */;
			projectDirPath = "";
			projectRoot = "";
			targets = (
				FC6A12ED1D488686007C3D87 /* CusTomPageControl */,
				FC6A13061D488686007C3D87 /* CusTomPageControlTests */,
				FC6A13111D488686007C3D87 /* CusTomPageControlUITests */,
			);
		};
/* End PBXProject section */

/* Begin PBXResourcesBuildPhase section */
		FC6A12EC1D488686007C3D87 /* Resources */ = {
			isa = PBXResourcesBuildPhase;
			buildActionMask = 2147483647;
			files = (
				FC6A13011D488686007C3D87 /* LaunchScreen.storyboard in Resources */,
				FC6A12FE1D488686007C3D87 /* Assets.xcassets in Resources */,
				FC6A12FC1D488686007C3D87 /* Main.storyboard in Resources */,
			);
			runOnlyForDeploymentPostprocessing = 0;
		};
		FC6A13051D488686007C3D87 /* Resources */ = {
			isa = PBXResourcesBuildPhase;
			buildActionMask = 2147483647;
			files = (
			);
			runOnlyForDeploymentPostprocessing = 0;
		};
		FC6A13101D488686007C3D87 /* Resources */ = {
			isa = PBXResourcesBuildPhase;
			buildActionMask = 2147483647;
			files = (
			);
			runOnlyForDeploymentPostprocessing = 0;
		};
/* End PBXResourcesBuildPhase section */

/* Begin PBXSourcesBuildPhase section */
		FC6A12EA1D488686007C3D87 /* Sources */ = {
			isa = PBXSourcesBuildPhase;
			buildActionMask = 2147483647;
			files = (
				FC6A13271D48869E007C3D87 /* OCPageControlView.m in Sources */,
				FC6A12F61D488686007C3D87 /* AppDelegate.m in Sources */,
				FC6A132A1D4886B0007C3D87 /* ViewController.m in Sources */,
				FC6A12F31D488686007C3D87 /* main.m in Sources */,
			);
			runOnlyForDeploymentPostprocessing = 0;
		};
		FC6A13031D488686007C3D87 /* Sources */ = {
			isa = PBXSourcesBuildPhase;
			buildActionMask = 2147483647;
			files = (
				FC6A130C1D488686007C3D87 /* CusTomPageControlTests.m in Sources */,
			);
			runOnlyForDeploymentPostprocessing = 0;
		};
		FC6A130E1D488686007C3D87 /* Sources */ = {
			isa = PBXSourcesBuildPhase;
			buildActionMask = 2147483647;
			files = (
				FC6A13171D488686007C3D87 /* CusTomPageControlUITests.m in Sources */,
			);
			runOnlyForDeploymentPostprocessing = 0;
		};
/* End PBXSourcesBuildPhase section */

/* Begin PBXTargetDependency section */
		FC6A13091D488686007C3D87 /* PBXTargetDependency */ = {
			isa = PBXTargetDependency;
			target = FC6A12ED1D488686007C3D87 /* CusTomPageControl */;
			targetProxy = FC6A13081D488686007C3D87 /* PBXContainerItemProxy */;
		};
		FC6A13141D488686007C3D87 /* PBXTargetDependency */ = {
			isa = PBXTargetDependency;
			target = FC6A12ED1D488686007C3D87 /* CusTomPageControl */;
			targetProxy = FC6A13131D488686007C3D87 /* PBXContainerItemProxy */;
		};
/* End PBXTargetDependency section */

/* Begin PBXVariantGroup section */
		FC6A12FA1D488686007C3D87 /* Main.storyboard */ = {
			isa = PBXVariantGroup;
			children = (
				FC6A12FB1D488686007C3D87 /* Base */,
			);
			name = Main.storyboard;
			sourceTree = "<group>";
		};
		FC6A12FF1D488686007C3D87 /* LaunchScreen.storyboard */ = {
			isa = PBXVariantGroup;
			children = (
				FC6A13001D488686007C3D87 /* Base */,
			);
			name = LaunchScreen.storyboard;
			sourceTree = "<group>";
		};
/* End PBXVariantGroup section */

/* Begin XCBuildConfiguration section */
		FC6A13191D488686007C3D87 /* Debug */ = {
			isa = XCBuildConfiguration;
			buildSettings = {
				ALWAYS_SEARCH_USER_PATHS = NO;
				CLANG_ANALYZER_NONNULL = YES;
				CLANG_CXX_LANGUAGE_STANDARD = "gnu++0x";
				CLANG_CXX_LIBRARY = "libc++";
				CLANG_ENABLE_MODULES = YES;
				CLANG_ENABLE_OBJC_ARC = YES;
				CLANG_WARN_BOOL_CONVERSION = YES;
				CLANG_WARN_CONSTANT_CONVERSION = YES;
				CLANG_WARN_DIRECT_OBJC_ISA_USAGE = YES_ERROR;
				CLANG_WARN_EMPTY_BODY = YES;
				CLANG_WARN_ENUM_CONVERSION = YES;
				CLANG_WARN_INT_CONVERSION = YES;
				CLANG_WARN_OBJC_ROOT_CLASS = YES_ERROR;
				CLANG_WARN_UNREACHABLE_CODE = YES;
				CLANG_WARN__DUPLICATE_METHOD_MATCH = YES;
				"CODE_SIGN_IDENTITY[sdk=iphoneos*]" = "iPhone Developer";
				COPY_PHASE_STRIP = NO;
				DEBUG_INFORMATION_FORMAT = dwarf;
				ENABLE_STRICT_OBJC_MSGSEND = YES;
				ENABLE_TESTABILITY = YES;
				GCC_C_LANGUAGE_STANDARD = gnu99;
				GCC_DYNAMIC_NO_PIC = NO;
				GCC_NO_COMMON_BLOCKS = YES;
				GCC_OPTIMIZATION_LEVEL = 0;
				GCC_PREPROCESSOR_DEFINITIONS = (
					"DEBUG=1",
					"$(inherited)",
				);
				GCC_WARN_64_TO_32_BIT_CONVERSION = YES;
				GCC_WARN_ABOUT_RETURN_TYPE = YES_ERROR;
				GCC_WARN_UNDECLARED_SELECTOR = YES;
				GCC_WARN_UNINITIALIZED_AUTOS = YES_AGGRESSIVE;
				GCC_WARN_UNUSED_FUNCTION = YES;
				GCC_WARN_UNUSED_VARIABLE = YES;
				IPHONEOS_DEPLOYMENT_TARGET = 9.3;
				MTL_ENABLE_DEBUG_INFO = YES;
				ONLY_ACTIVE_ARCH = YES;
				SDKROOT = iphoneos;
				TARGETED_DEVICE_FAMILY = "1,2";
			};
			name = Debug;
		};
		FC6A131A1D488686007C3D87 /* Release */ = {
			isa = XCBuildConfiguration;
			buildSettings = {
				ALWAYS_SEARCH_USER_PATHS = NO;
				CLANG_ANALYZER_NONNULL = YES;
				CLANG_CXX_LANGUAGE_STANDARD = "gnu++0x";
				CLANG_CXX_LIBRARY = "libc++";
				CLANG_ENABLE_MODULES = YES;
				CLANG_ENABLE_OBJC_ARC = YES;
				CLANG_WARN_BOOL_CONVERSION = YES;
				CLANG_WARN_CONSTANT_CONVERSION = YES;
				CLANG_WARN_DIRECT_OBJC_ISA_USAGE = YES_ERROR;
				CLANG_WARN_EMPTY_BODY = YES;
				CLANG_WARN_ENUM_CONVERSION = YES;
				CLANG_WARN_INT_CONVERSION = YES;
				CLANG_WARN_OBJC_ROOT_CLASS = YES_ERROR;
				CLANG_WARN_UNREACHABLE_CODE = YES;
				CLANG_WARN__DUPLICATE_METHOD_MATCH = YES;
				"CODE_SIGN_IDENTITY[sdk=iphoneos*]" = "iPhone Developer";
				COPY_PHASE_STRIP = NO;
				DEBUG_INFORMATION_FORMAT = "dwarf-with-dsym";
				ENABLE_NS_ASSERTIONS = NO;
				ENABLE_STRICT_OBJC_MSGSEND = YES;
				GCC_C_LANGUAGE_STANDARD = gnu99;
				GCC_NO_COMMON_BLOCKS = YES;
				GCC_WARN_64_TO_32_BIT_CONVERSION = YES;
				GCC_WARN_ABOUT_RETURN_TYPE = YES_ERROR;
				GCC_WARN_UNDECLARED_SELECTOR = YES;
				GCC_WARN_UNINITIALIZED_AUTOS = YES_AGGRESSIVE;
				GCC_WARN_UNUSED_FUNCTION = YES;
				GCC_WARN_UNUSED_VARIABLE = YES;
				IPHONEOS_DEPLOYMENT_TARGET = 9.3;
				MTL_ENABLE_DEBUG_INFO = NO;
				SDKROOT = iphoneos;
				TARGETED_DEVICE_FAMILY = "1,2";
				VALIDATE_PRODUCT = YES;
			};
			name = Release;
		};
		FC6A131C1D488686007C3D87 /* Debug */ = {
			isa = XCBuildConfiguration;
			buildSettings = {
				ASSETCATALOG_COMPILER_APPICON_NAME = AppIcon;
				INFOPLIST_FILE = CusTomPageControl/Info.plist;
				LD_RUNPATH_SEARCH_PATHS = "$(inherited) @executable_path/Frameworks";
				PRODUCT_BUNDLE_IDENTIFIER = com.Oarcleen.CusTomPageControl;
				PRODUCT_NAME = "$(TARGET_NAME)";
			};
			name = Debug;
		};
		FC6A131D1D488686007C3D87 /* Release */ = {
			isa = XCBuildConfiguration;
			buildSettings = {
				ASSETCATALOG_COMPILER_APPICON_NAME = AppIcon;
				INFOPLIST_FILE = CusTomPageControl/Info.plist;
				LD_RUNPATH_SEARCH_PATHS = "$(inherited) @executable_path/Frameworks";
				PRODUCT_BUNDLE_IDENTIFIER = com.Oarcleen.CusTomPageControl;
				PRODUCT_NAME = "$(TARGET_NAME)";
			};
			name = Release;
		};
		FC6A131F1D488686007C3D87 /* Debug */ = {
			isa = XCBuildConfiguration;
			buildSettings = {
				BUNDLE_LOADER = "$(TEST_HOST)";
				INFOPLIST_FILE = CusTomPageControlTests/Info.plist;
				LD_RUNPATH_SEARCH_PATHS = "$(inherited) @executable_path/Frameworks @loader_path/Frameworks";
				PRODUCT_BUNDLE_IDENTIFIER = com.Oarcleen.CusTomPageControlTests;
				PRODUCT_NAME = "$(TARGET_NAME)";
				TEST_HOST = "$(BUILT_PRODUCTS_DIR)/CusTomPageControl.app/CusTomPageControl";
			};
			name = Debug;
		};
		FC6A13201D488686007C3D87 /* Release */ = {
			isa = XCBuildConfiguration;
			buildSettings = {
				BUNDLE_LOADER = "$(TEST_HOST)";
				INFOPLIST_FILE = CusTomPageControlTests/Info.plist;
				LD_RUNPATH_SEARCH_PATHS = "$(inherited) @executable_path/Frameworks @loader_path/Frameworks";
				PRODUCT_BUNDLE_IDENTIFIER = com.Oarcleen.CusTomPageControlTests;
				PRODUCT_NAME = "$(TARGET_NAME)";
				TEST_HOST = "$(BUILT_PRODUCTS_DIR)/CusTomPageControl.app/CusTomPageControl";
			};
			name = Release;
		};
		FC6A13221D488686007C3D87 /* Debug */ = {
			isa = XCBuildConfiguration;
			buildSettings = {
				INFOPLIST_FILE = CusTomPageControlUITests/Info.plist;
				LD_RUNPATH_SEARCH_PATHS = "$(inherited) @executable_path/Frameworks @loader_path/Frameworks";
				PRODUCT_BUNDLE_IDENTIFIER = com.Oarcleen.CusTomPageControlUITests;
				PRODUCT_NAME = "$(TARGET_NAME)";
				TEST_TARGET_NAME = CusTomPageControl;
			};
			name = Debug;
		};
		FC6A13231D488686007C3D87 /* Release */ = {
			isa = XCBuildConfiguration;
			buildSettings = {
				INFOPLIST_FILE = CusTomPageControlUITests/Info.plist;
				LD_RUNPATH_SEARCH_PATHS = "$(inherited) @executable_path/Frameworks @loader_path/Frameworks";
				PRODUCT_BUNDLE_IDENTIFIER = com.Oarcleen.CusTomPageControlUITests;
				PRODUCT_NAME = "$(TARGET_NAME)";
				TEST_TARGET_NAME = CusTomPageControl;
			};
			name = Release;
		};
/* End XCBuildConfiguration section */

/* Begin XCConfigurationList section */
		FC6A12E91D488686007C3D87 /* Build configuration list for PBXProject "CusTomPageControl" */ = {
			isa = XCConfigurationList;
			buildConfigurations = (
				FC6A13191D488686007C3D87 /* Debug */,
				FC6A131A1D488686007C3D87 /* Release */,
			);
			defaultConfigurationIsVisible = 0;
			defaultConfigurationName = Release;
		};
		FC6A131B1D488686007C3D87 /* Build configuration list for PBXNativeTarget "CusTomPageControl" */ = {
			isa = XCConfigurationList;
			buildConfigurations = (
				FC6A131C1D488686007C3D87 /* Debug */,
				FC6A131D1D488686007C3D87 /* Release */,
			);
			defaultConfigurationIsVisible = 0;
		};
		FC6A131E1D488686007C3D87 /* Build configuration list for PBXNativeTarget "CusTomPageControlTests" */ = {
			isa = XCConfigurationList;
			buildConfigurations = (
				FC6A131F1D488686007C3D87 /* Debug */,
				FC6A13201D488686007C3D87 /* Release */,
			);
			defaultConfigurationIsVisible = 0;
		};
		FC6A13211D488686007C3D87 /* Build configuration list for PBXNativeTarget "CusTomPageControlUITests" */ = {
			isa = XCConfigurationList;
			buildConfigurations = (
				FC6A13221D488686007C3D87 /* Debug */,
				FC6A13231D488686007C3D87 /* Release */,
			);
			defaultConfigurationIsVisible = 0;
		};
/* End XCConfigurationList section */
	};
	rootObject = FC6A12E61D488686007C3D87 /* Project object */;
}
